
Microsoft Visual Studio Solution File, Format Version 12.00
# Visual Studio 14
VisualStudioVersion = 14.0.23107.0
MinimumVisualStudioVersion = 10.0.40219.1
Project("{FAE04EC0-301F-11D3-BF4B-00C04F79EFBC}") = "DataAccess", "DataAccess\DataAccess.csproj", "{22A4592F-B54B-4897-91C8-EA8CB409BEC2}"
EndProject
Project("{FAE04EC0-301F-11D3-BF4B-00C04F79EFBC}") = "Testing", "Testing\Testing.csproj", "{DF1C1569-9FC7-4F45-9821-480BF5B545C6}"
EndProject
Project("{FAE04EC0-301F-11D3-BF4B-00C04F79EFBC}") = "TVTracker", "TVTracker\TVTracker.csproj", "{DDE30B33-E57C-421B-8EEA-4CEB69E370FC}"
EndProject
Project("{FAE04EC0-301F-11D3-BF4B-00C04F79EFBC}") = "ImportManager", "ImportManager\ImportManager.csproj", "{69366F87-5706-4DB6-98AC-01353CF5B36C}"
EndProject
Global
	GlobalSection(SolutionConfigurationPlatforms) = preSolution
		Debug|Any CPU = Debug|Any CPU
		Release|Any CPU = Release|Any CPU
	EndGlobalSection
	GlobalSection(ProjectConfigurationPlatforms) = postSolution
		{22A4592F-B54B-4897-91C8-EA8CB409BEC2}.Debug|Any CPU.ActiveCfg = Debug|Any CPU
		{22A4592F-B54B-4897-91C8-EA8CB409BEC2}.Debug|Any CPU.Build.0 = Debug|Any CPU
		{22A4592F-B54B-4897-91C8-EA8CB409BEC2}.Release|Any CPU.ActiveCfg = Release|Any CPU
		{22A4592F-B54B-4897-91C8-EA8CB409BEC2}.Release|Any CPU.Build.0 = Release|Any CPU
		{DF1C1569-9FC7-4F45-9821-480BF5B545C6}.Debug|Any CPU.ActiveCfg = Debug|Any CPU
		{DF1C1569-9FC7-4F45-9821-480BF5B545C6}.Debug|Any CPU.Build.0 = Debug|Any CPU
		{DF1C1569-9FC7-4F45-9821-480BF5B545C6}.Release|Any CPU.ActiveCfg = Release|Any CPU
		{DF1C1569-9FC7-4F45-9821-480BF5B545C6}.Release|Any CPU.Build.0 = Release|Any CPU
		{DDE30B33-E57C-421B-8EEA-4CEB69E370FC}.Debug|Any CPU.ActiveCfg = Debug|Any CPU
		{DDE30B33-E57C-421B-8EEA-4CEB69E370FC}.Debug|Any CPU.Build.0 = Debug|Any CPU
		{DDE30B33-E57C-421B-8EEA-4CEB69E370FC}.Release|Any CPU.ActiveCfg = Release|Any CPU
		{DDE30B33-E57C-421B-8EEA-4CEB69E370FC}.Release|Any CPU.Build.0 = Release|Any CPU
		{69366F87-5706-4DB6-98AC-01353CF5B36C}.Debug|Any CPU.ActiveCfg = Debug|Any CPU
		{69366F87-5706-4DB6-98AC-01353CF5B36C}.Debug|Any CPU.Build.0 = Debug|Any CPU
		{69366F87-5706-4DB6-98AC-01353CF5B36C}.Release|Any CPU.ActiveCfg = Release|Any CPU
		{69366F87-5706-4DB6-98AC-01353CF5B36C}.Release|Any CPU.Build.0 = Release|Any CPU
	EndGlobalSection
	GlobalSection(SolutionProperties) = preSolution
		HideSolutionNode = FALSE
	EndGlobalSection
EndGlobal
